<?xml version="1.0" encoding="utf-8"?>
<Project ToolsVersion="4.0" xmlns="http://schemas.microsoft.com/developer/msbuild/2003">
  <ItemGroup>
    <Filter Include="Init">
      <UniqueIdentifier>{99cf6590-3383-4520-b1fa-fea7f76e668e}</UniqueIdentifier>
    </Filter>
    <Filter Include="Field">
      <UniqueIdentifier>{f08af0ef-849f-4ed3-a696-e7153efe4c4e}</UniqueIdentifier>
    </Filter>
    <Filter Include="Element">
      <UniqueIdentifier>{ac557908-3e46-45e5-ad52-c197888c4331}</UniqueIdentifier>
    </Filter>
    <Filter Include="Main">
      <UniqueIdentifier>{acb34aba-31fd-40b4-920d-64d0c9e97e58}</UniqueIdentifier>
    </Filter>
    <Filter Include="Option">
      <UniqueIdentifier>{60550e84-889b-4b05-b1a5-147e039d159f}</UniqueIdentifier>
    </Filter>
    <Filter Include="Option\CreateOption">
      <UniqueIdentifier>{1e8a8997-d233-40a6-a93f-c91410922a38}</UniqueIdentifier>
    </Filter>
    <Filter Include="Option\MoveOption">
      <UniqueIdentifier>{1c8fd85d-380d-4ac3-89db-4a2edf7b8110}</UniqueIdentifier>
    </Filter>
    <Filter Include="Other">
      <UniqueIdentifier>{715254bc-d70b-4ec5-bf29-467dd3ace079}</UniqueIdentifier>
    </Filter>
    <Filter Include="Option\Other">
      <UniqueIdentifier>{68fb6ac9-5023-4be6-94d0-7984271e81a4}</UniqueIdentifier>
    </Filter>
  </ItemGroup>
  <ItemGroup>
    <ResourceCompile Include="game.rc">
      <Filter>Other</Filter>
    </ResourceCompile>
  </ItemGroup>
  <ItemGroup>
    <ClCompile Include="Classes\Field\Cell.cpp">
      <Filter>Field</Filter>
    </ClCompile>
    <ClCompile Include="Classes\Field\Field.cpp">
      <Filter>Field</Filter>
    </ClCompile>
    <ClCompile Include="Classes\Main\MainScene.cpp">
      <Filter>Main</Filter>
    </ClCompile>
    <ClCompile Include="Classes\Option\CreateOption\OptionForIntervalCreate.cpp">
      <Filter>Option\CreateOption</Filter>
    </ClCompile>
    <ClCompile Include="Classes\Option\CreateOption\OptionForMouseCreateDestroy.cpp">
      <Filter>Option\CreateOption</Filter>
    </ClCompile>
    <ClCompile Include="Classes\Option\CreateOption\OptionForCreate.cpp">
      <Filter>Option\CreateOption</Filter>
    </ClCompile>
    <ClCompile Include="Classes\Option\MoveOption\OptionForOneStep.cpp">
      <Filter>Option\MoveOption</Filter>
    </ClCompile>
    <ClCompile Include="Classes\Option\MoveOption\OptionForPatrol.cpp">
      <Filter>Option\MoveOption</Filter>
    </ClCompile>
    <ClCompile Include="Classes\Option\MoveOption\OptionForMouseMove.cpp">
      <Filter>Option\MoveOption</Filter>
    </ClCompile>
    <ClCompile Include="Classes\Option\MoveOption\OptionForMove.cpp">
      <Filter>Option\MoveOption</Filter>
    </ClCompile>
    <ClCompile Include="Classes\Main.cpp">
      <Filter>Init</Filter>
    </ClCompile>
    <ClCompile Include="Classes\AppDelegate.cpp">
      <Filter>Init</Filter>
    </ClCompile>
    <ClCompile Include="Classes\Element\Element.cpp">
      <Filter>Element</Filter>
    </ClCompile>
    <ClCompile Include="Classes\Field\Relations.cpp">
      <Filter>Field</Filter>
    </ClCompile>
    <ClCompile Include="Classes\Field\PathFinder.cpp">
      <Filter>Field</Filter>
    </ClCompile>
    <ClCompile Include="Classes\Element\Elements.cpp">
      <Filter>Element</Filter>
    </ClCompile>
    <ClCompile Include="Classes\Option\ISInterval.cpp">
      <Filter>Option\Other</Filter>
    </ClCompile>
    <ClCompile Include="Classes\Option\ISMouse.cpp">
      <Filter>Option\Other</Filter>
    </ClCompile>
    <ClCompile Include="Classes\Field\AxesInfo.cpp">
      <Filter>Field</Filter>
    </ClCompile>
    <ClCompile Include="Classes\Main\Maps.cpp">
      <Filter>Main</Filter>
    </ClCompile>
    <ClCompile Include="Classes\EditSettings.cpp">
      <Filter>Init</Filter>
    </ClCompile>
    <ClCompile Include="Classes\Settings.cpp">
      <Filter>Init</Filter>
    </ClCompile>
  </ItemGroup>
  <ItemGroup>
    <ClInclude Include="Classes\Element\ElementNameType.h">
      <Filter>Element</Filter>
    </ClInclude>
    <ClInclude Include="Classes\Element\SideType.h">
      <Filter>Element</Filter>
    </ClInclude>
    <ClInclude Include="Classes\Element\ClassType.h">
      <Filter>Element</Filter>
    </ClInclude>
    <ClInclude Include="Classes\Field\Field.h">
      <Filter>Field</Filter>
    </ClInclude>
    <ClInclude Include="Classes\Field\Cell.h">
      <Filter>Field</Filter>
    </ClInclude>
    <ClInclude Include="Classes\Main\GameStatusType.h">
      <Filter>Main</Filter>
    </ClInclude>
    <ClInclude Include="Classes\Main\MainScene.h">
      <Filter>Main</Filter>
    </ClInclude>
    <ClInclude Include="Classes\Option\CreateOption\OptionForIntervalCreate.h">
      <Filter>Option\CreateOption</Filter>
    </ClInclude>
    <ClInclude Include="Classes\Option\CreateOption\OptionForMouseCreateDestroy.h">
      <Filter>Option\CreateOption</Filter>
    </ClInclude>
    <ClInclude Include="Classes\Option\CreateOption\OptionForCreate.h">
      <Filter>Option\CreateOption</Filter>
    </ClInclude>
    <ClInclude Include="Classes\Option\MoveOption\OptionForMove.h">
      <Filter>Option\MoveOption</Filter>
    </ClInclude>
    <ClInclude Include="Classes\Option\MoveOption\OptionForOneStep.h">
      <Filter>Option\MoveOption</Filter>
    </ClInclude>
    <ClInclude Include="Classes\Option\MoveOption\OptionForPatrol.h">
      <Filter>Option\MoveOption</Filter>
    </ClInclude>
    <ClInclude Include="Classes\Option\MoveOption\MoveType.h">
      <Filter>Option\MoveOption</Filter>
    </ClInclude>
    <ClInclude Include="Classes\Option\MoveOption\OptionForMouseMove.h">
      <Filter>Option\MoveOption</Filter>
    </ClInclude>
    <ClInclude Include="Classes\AppDelegate.h">
      <Filter>Init</Filter>
    </ClInclude>
    <ClInclude Include="Classes\Main.h">
      <Filter>Init</Filter>
    </ClInclude>
    <ClInclude Include="Classes\Element\Element.h">
      <Filter>Element</Filter>
    </ClInclude>
    <ClInclude Include="Classes\Element\ElementData.h">
      <Filter>Element</Filter>
    </ClInclude>
    <ClInclude Include="Classes\Field\ResultType.h">
      <Filter>Field</Filter>
    </ClInclude>
    <ClInclude Include="Classes\Field\Relations.h">
      <Filter>Field</Filter>
    </ClInclude>
    <ClInclude Include="Classes\Field\PathFinder.h">
      <Filter>Field</Filter>
    </ClInclude>
    <ClInclude Include="Classes\Option\Options.h">
      <Filter>Option\Other</Filter>
    </ClInclude>
    <ClInclude Include="Classes\Element\Elements.h">
      <Filter>Element</Filter>
    </ClInclude>
    <ClInclude Include="Classes\Option\ISInterval.h">
      <Filter>Option\Other</Filter>
    </ClInclude>
    <ClInclude Include="Classes\Option\ISMouse.h">
      <Filter>Option\Other</Filter>
    </ClInclude>
    <ClInclude Include="Classes\Option\ISOption.h">
      <Filter>Option\Other</Filter>
    </ClInclude>
    <ClInclude Include="Classes\Option\MouseType.h">
      <Filter>Option\Other</Filter>
    </ClInclude>
    <ClInclude Include="Classes\Field\Axes.h">
      <Filter>Field</Filter>
    </ClInclude>
    <ClInclude Include="Classes\Field\AxesInfo.h">
      <Filter>Field</Filter>
    </ClInclude>
    <ClInclude Include="Classes\Field\TagAxes.h">
      <Filter>Field</Filter>
    </ClInclude>
    <ClInclude Include="Classes\Main\Maps.h">
      <Filter>Main</Filter>
    </ClInclude>
    <ClInclude Include="Classes\Settings.h">
      <Filter>Init</Filter>
    </ClInclude>
    <ClInclude Include="Classes\EditSettings.h">
      <Filter>Init</Filter>
    </ClInclude>
  </ItemGroup>
</Project>