<?xml version="1.0" encoding="utf-8"?>
<Project ToolsVersion="4.0" xmlns="http://schemas.microsoft.com/developer/msbuild/2003">
  <ItemGroup>
    <Filter Include="other">
      <UniqueIdentifier>{715254bc-d70b-4ec5-bf29-467dd3ace079}</UniqueIdentifier>
    </Filter>
    <Filter Include="Init">
      <UniqueIdentifier>{99cf6590-3383-4520-b1fa-fea7f76e668e}</UniqueIdentifier>
    </Filter>
    <Filter Include="Field">
      <UniqueIdentifier>{f08af0ef-849f-4ed3-a696-e7153efe4c4e}</UniqueIdentifier>
    </Filter>
    <Filter Include="Element">
      <UniqueIdentifier>{ac557908-3e46-45e5-ad52-c197888c4331}</UniqueIdentifier>
    </Filter>
    <Filter Include="Main">
      <UniqueIdentifier>{acb34aba-31fd-40b4-920d-64d0c9e97e58}</UniqueIdentifier>
    </Filter>
  </ItemGroup>
  <ItemGroup>
    <ResourceCompile Include="game.rc">
      <Filter>other</Filter>
    </ResourceCompile>
  </ItemGroup>
  <ItemGroup>
    <ClCompile Include="Classes\init\AppDelegate.cpp">
      <Filter>Init</Filter>
    </ClCompile>
    <ClCompile Include="Classes\main\MainScene.cpp">
      <Filter>Main</Filter>
    </ClCompile>
    <ClCompile Include="Classes\field\FieldPoint.cpp">
      <Filter>Field</Filter>
    </ClCompile>
    <ClCompile Include="Classes\element\Element.cpp">
      <Filter>Element</Filter>
    </ClCompile>
    <ClCompile Include="Classes\init\Main.cpp">
      <Filter>Init</Filter>
    </ClCompile>
    <ClCompile Include="Classes\Element\AdvancedElement.cpp">
      <Filter>Element</Filter>
    </ClCompile>
    <ClCompile Include="Classes\Element\ElementCreator.cpp">
      <Filter>Element</Filter>
    </ClCompile>
    <ClCompile Include="Classes\Element\ElementReader.cpp">
      <Filter>Element</Filter>
    </ClCompile>
  </ItemGroup>
  <ItemGroup>
    <ClInclude Include="Classes\init\AppDelegate.h">
      <Filter>Init</Filter>
    </ClInclude>
    <ClInclude Include="Classes\main\MainScene.h">
      <Filter>Main</Filter>
    </ClInclude>
    <ClInclude Include="Classes\main\Settings.h">
      <Filter>Main</Filter>
    </ClInclude>
    <ClInclude Include="Classes\field\FieldPoint.h">
      <Filter>Field</Filter>
    </ClInclude>
    <ClInclude Include="Classes\element\ElementNameType.h">
      <Filter>Element</Filter>
    </ClInclude>
    <ClInclude Include="Classes\element\SideType.h">
      <Filter>Element</Filter>
    </ClInclude>
    <ClInclude Include="Classes\element\ClassType.h">
      <Filter>Element</Filter>
    </ClInclude>
    <ClInclude Include="Classes\element\Element.h">
      <Filter>Element</Filter>
    </ClInclude>
    <ClInclude Include="Classes\init\Headers.h">
      <Filter>Init</Filter>
    </ClInclude>
    <ClInclude Include="Classes\element\ElementHeaders.h">
      <Filter>Init</Filter>
    </ClInclude>
    <ClInclude Include="Classes\field\FieldHeaders.h">
      <Filter>Init</Filter>
    </ClInclude>
    <ClInclude Include="Classes\init\Main.h">
      <Filter>Init</Filter>
    </ClInclude>
    <ClInclude Include="Classes\Element\AdvancedElement.h">
      <Filter>Element</Filter>
    </ClInclude>
    <ClInclude Include="Classes\Element\ElementCreator.h">
      <Filter>Element</Filter>
    </ClInclude>
    <ClInclude Include="Classes\Element\ElementReader.h">
      <Filter>Element</Filter>
    </ClInclude>
  </ItemGroup>
</Project>