<?xml version="1.0" encoding="utf-8"?>
<Project ToolsVersion="4.0" xmlns="http://schemas.microsoft.com/developer/msbuild/2003">
  <ItemGroup>
    <Filter Include="other">
      <UniqueIdentifier>{715254bc-d70b-4ec5-bf29-467dd3ace079}</UniqueIdentifier>
    </Filter>
    <Filter Include="Init">
      <UniqueIdentifier>{99cf6590-3383-4520-b1fa-fea7f76e668e}</UniqueIdentifier>
    </Filter>
    <Filter Include="Field">
      <UniqueIdentifier>{f08af0ef-849f-4ed3-a696-e7153efe4c4e}</UniqueIdentifier>
    </Filter>
    <Filter Include="Element">
      <UniqueIdentifier>{ac557908-3e46-45e5-ad52-c197888c4331}</UniqueIdentifier>
    </Filter>
    <Filter Include="Main">
      <UniqueIdentifier>{acb34aba-31fd-40b4-920d-64d0c9e97e58}</UniqueIdentifier>
    </Filter>
    <Filter Include="Option">
      <UniqueIdentifier>{60550e84-889b-4b05-b1a5-147e039d159f}</UniqueIdentifier>
    </Filter>
    <Filter Include="Option\BaseClass">
      <UniqueIdentifier>{bdf64ac8-eb57-430a-aa83-599b8ad61286}</UniqueIdentifier>
    </Filter>
    <Filter Include="Option\CreateOption">
      <UniqueIdentifier>{1e8a8997-d233-40a6-a93f-c91410922a38}</UniqueIdentifier>
    </Filter>
    <Filter Include="Option\MoveOption">
      <UniqueIdentifier>{1c8fd85d-380d-4ac3-89db-4a2edf7b8110}</UniqueIdentifier>
    </Filter>
  </ItemGroup>
  <ItemGroup>
    <ResourceCompile Include="game.rc">
      <Filter>other</Filter>
    </ResourceCompile>
  </ItemGroup>
</Project>